{
    "_readme": [
        "This file locks the dependencies of your project to a known state",
        "Read more about it at https://getcomposer.org/doc/01-basic-usage.md#composer-lock-the-lock-file",
        "This file is @generated automatically"
    ],
    "hash": "bc1d977f70969f3fc9a4d91b600e4081",
    "content-hash": "e46c7af40a74538ef8350d4932aeab74",
    "packages": [
        {
            "name": "cloudconvert/cloudconvert-php",
            "version": "dev-master",
            "source": {
                "type": "git",
                "url": "https://github.com/cloudconvert/cloudconvert-php.git",
                "reference": "1e88da861dd7904a48aa838c924d0ce4fd2af22b"
            },
            "dist": {
                "type": "zip",
                "url": "https://api.github.com/repos/cloudconvert/cloudconvert-php/zipball/1e88da861dd7904a48aa838c924d0ce4fd2af22b",
                "reference": "1e88da861dd7904a48aa838c924d0ce4fd2af22b",
                "shasum": ""
            },
            "require": {
                "guzzlehttp/guzzle": ">=4.0,<6.0"
            },
            "require-dev": {
                "phpdocumentor/phpdocumentor": "2.*",
                "phpunit/phpunit": "4.0.*",
                "squizlabs/php_codesniffer": "1.*"
            },
            "type": "library",
            "autoload": {
                "psr-4": {
                    "CloudConvert\\": "src/"
                }
            },
            "notification-url": "https://packagist.org/downloads/",
            "authors": [
                {
                    "name": "Josias Montag",
                    "email": "josias@montag.info"
                }
            ],
            "description": "PHP Wrapper for CloudConvert APIs",
            "homepage": "https://github.com/cloudconvert/cloudconvert-php",
            "time": "2015-10-29 14:41:03"
        },
        {
            "name": "guzzlehttp/guzzle",
            "version": "5.3.x-dev",
            "source": {
                "type": "git",
                "url": "https://github.com/guzzle/guzzle.git",
                "reference": "fd6447e50b77739fb9b877fa175e0218922d054f"
            },
            "dist": {
                "type": "zip",
                "url": "https://api.github.com/repos/guzzle/guzzle/zipball/fd6447e50b77739fb9b877fa175e0218922d054f",
                "reference": "fd6447e50b77739fb9b877fa175e0218922d054f",
                "shasum": ""
            },
            "require": {
                "guzzlehttp/ringphp": "^1.1",
                "php": ">=5.4.0"
            },
            "require-dev": {
                "ext-curl": "*",
                "phpunit/phpunit": "^4.0"
            },
            "type": "library",
            "autoload": {
                "psr-4": {
                    "GuzzleHttp\\": "src/"
                }
            },
            "notification-url": "https://packagist.org/downloads/",
            "license": [
                "MIT"
            ],
            "authors": [
                {
                    "name": "Michael Dowling",
                    "email": "mtdowling@gmail.com",
                    "homepage": "https://github.com/mtdowling"
                }
            ],
            "description": "Guzzle is a PHP HTTP client library and framework for building RESTful web service clients",
            "homepage": "http://guzzlephp.org/",
            "keywords": [
                "client",
                "curl",
                "framework",
                "http",
                "http client",
                "rest",
                "web service"
            ],
            "time": "2015-11-23 00:38:42"
        },
        {
            "name": "guzzlehttp/ringphp",
            "version": "dev-master",
            "source": {
                "type": "git",
                "url": "https://github.com/guzzle/RingPHP.git",
                "reference": "9465032ac5d6beaa55f10923403e6e1c36018d9c"
            },
            "dist": {
                "type": "zip",
                "url": "https://api.github.com/repos/guzzle/RingPHP/zipball/9465032ac5d6beaa55f10923403e6e1c36018d9c",
                "reference": "9465032ac5d6beaa55f10923403e6e1c36018d9c",
                "shasum": ""
            },
            "require": {
                "guzzlehttp/streams": "~3.0",
                "php": ">=5.4.0",
                "react/promise": "~2.0"
            },
            "require-dev": {
                "ext-curl": "*",
                "phpunit/phpunit": "~4.0"
            },
            "suggest": {
                "ext-curl": "Guzzle will use specific adapters if cURL is present"
            },
            "type": "library",
            "extra": {
                "branch-alias": {
                    "dev-master": "1.1-dev"
                }
            },
            "autoload": {
                "psr-4": {
                    "GuzzleHttp\\Ring\\": "src/"
                }
            },
            "notification-url": "https://packagist.org/downloads/",
            "license": [
                "MIT"
            ],
            "authors": [
                {
                    "name": "Michael Dowling",
                    "email": "mtdowling@gmail.com",
                    "homepage": "https://github.com/mtdowling"
                }
            ],
            "description": "Provides a simple API and specification that abstracts away the details of HTTP into a single PHP function.",
            "time": "2015-05-21 17:23:02"
        },
        {
            "name": "guzzlehttp/streams",
            "version": "dev-master",
            "source": {
                "type": "git",
                "url": "https://github.com/guzzle/streams.git",
                "reference": "d1f8a6c55f0f753cfd6f6755856473eb02cedb19"
            },
            "dist": {
                "type": "zip",
                "url": "https://api.github.com/repos/guzzle/streams/zipball/d1f8a6c55f0f753cfd6f6755856473eb02cedb19",
                "reference": "d1f8a6c55f0f753cfd6f6755856473eb02cedb19",
                "shasum": ""
            },
            "require": {
                "php": ">=5.4.0"
            },
            "require-dev": {
                "phpunit/phpunit": "~4.0"
            },
            "type": "library",
            "extra": {
                "branch-alias": {
                    "dev-master": "3.0-dev"
                }
            },
            "autoload": {
                "psr-4": {
                    "GuzzleHttp\\Stream\\": "src/"
                }
            },
            "notification-url": "https://packagist.org/downloads/",
            "license": [
                "MIT"
            ],
            "authors": [
                {
                    "name": "Michael Dowling",
                    "email": "mtdowling@gmail.com",
                    "homepage": "https://github.com/mtdowling"
                }
            ],
            "description": "Provides a simple abstraction over streams of data",
            "homepage": "http://guzzlephp.org/",
            "keywords": [
                "Guzzle",
                "stream"
            ],
            "time": "2015-01-22 00:01:34"
        },
        {
            "name": "phpoffice/phpexcel",
            "version": "dev-master",
            "source": {
                "type": "git",
                "url": "https://github.com/PHPOffice/PHPExcel.git",
                "reference": "049e85ae98a90869e1bc83087f755010e9223091"
            },
            "dist": {
                "type": "zip",
                "url": "https://api.github.com/repos/PHPOffice/PHPExcel/zipball/049e85ae98a90869e1bc83087f755010e9223091",
                "reference": "049e85ae98a90869e1bc83087f755010e9223091",
                "shasum": ""
            },
            "require": {
                "ext-xml": "*",
                "ext-xmlwriter": "*",
                "php": ">=5.2.0"
            },
            "type": "library",
            "autoload": {
                "psr-0": {
                    "PHPExcel": "Classes/"
                }
            },
            "notification-url": "https://packagist.org/downloads/",
            "license": [
                "LGPL"
            ],
            "authors": [
                {
                    "name": "Maarten Balliauw",
                    "homepage": "http://blog.maartenballiauw.be"
                },
                {
                    "name": "Mark Baker"
                },
                {
                    "name": "Franck Lefevre",
                    "homepage": "http://blog.rootslabs.net"
                },
                {
                    "name": "Erik Tilt"
                }
            ],
            "description": "PHPExcel - OpenXML - Read, Create and Write Spreadsheet documents in PHP - Spreadsheet engine",
            "homepage": "http://phpexcel.codeplex.com",
            "keywords": [
                "OpenXML",
                "excel",
                "php",
                "spreadsheet",
                "xls",
                "xlsx"
            ],
            "time": "2015-05-05 00:10:25"
        },
        {
            "name": "react/promise",
            "version": "v2.2.1",
            "source": {
                "type": "git",
                "url": "https://github.com/reactphp/promise.git",
                "reference": "3b6fca09c7d56321057fa8867c8dbe1abf648627"
            },
            "dist": {
                "type": "zip",
                "url": "https://api.github.com/repos/reactphp/promise/zipball/3b6fca09c7d56321057fa8867c8dbe1abf648627",
                "reference": "3b6fca09c7d56321057fa8867c8dbe1abf648627",
                "shasum": ""
            },
            "require": {
                "php": ">=5.4.0"
            },
            "type": "library",
            "extra": {
                "branch-alias": {
                    "dev-master": "2.0-dev"
                }
            },
            "autoload": {
                "psr-4": {
                    "React\\Promise\\": "src/"
                },
                "files": [
                    "src/functions_include.php"
                ]
            },
            "notification-url": "https://packagist.org/downloads/",
            "license": [
                "MIT"
            ],
            "authors": [
                {
                    "name": "Jan Sorgalla",
                    "email": "jsorgalla@gmail.com"
                }
            ],
            "description": "A lightweight implementation of CommonJS Promises/A for PHP",
            "time": "2015-07-03 13:48:55"
        }
    ],
    "packages-dev": [],
    "aliases": [],
    "minimum-stability": "dev",
    "stability-flags": {
        "phpoffice/phpexcel": 20,
        "cloudconvert/cloudconvert-php": 20
    },
    "prefer-stable": false,
    "prefer-lowest": false,
    "platform": [],
    "platform-dev": []
}
